# THIS IS AN AUTOGENERATED FILE. DO NOT EDIT THIS FILE DIRECTLY.
# yarn lockfile v1


"@passwordless-id/webauthn@^2.1.1":
  version "2.1.2"
  resolved "https://registry.yarnpkg.com/@passwordless-id/webauthn/-/webauthn-2.1.2.tgz#011d0d03a1e2dd9e560d7b305bd9c749a435d761"
  integrity sha512-Ahj+A3O0gP3EsLV4FRXjfhbzzP895d8CnHKmhT1hkAz1zLSBCRE/iXJsasL1kwGoriDFLJ+YtO6x1rok4SZH2g==

typescript@^5.6.2:
  version "5.6.3"
  resolved "https://registry.yarnpkg.com/typescript/-/typescript-5.6.3.tgz#5f3449e31c9d94febb17de03cc081dd56d81db5b"
  integrity sha512-hjcS1mhfuyi4WW8IWtjP7brDrG2cuDZukyrYrSauoXGNgx0S7zceP07adYkJycEr56BOUTNPzbInooiN3fn1qw==
